{
  "originHash" : "6add29a73576616d2d66c2ffc906e0f8e5e5750a1bf8213fae232ef99b8c67c4",
  "pins" : [
    {
      "identity" : "alertkit",
      "kind" : "remoteSourceControl",
      "location" : "https://github.com/sparrowcode/AlertKit",
      "state" : {
        "revision" : "3b73be8db5a7e7efaf474c6ed919f5a437d843c9",
        "version" : "5.1.9"
      }
    },
    {
      "identity" : "flex-dylib",
      "kind" : "remoteSourceControl",
      "location" : "https://github.com/gru2007/FLEX-dylib",
      "state" : {
        "branch" : "master",
        "revision" : "9eb92adc4af9cec6788be893840a242ae79ec434"
      }
    }
  ],
  "version" : 3
}
