{
  "originHash" : "b0e8cae94c0c4b3916f7464d41c02cf8ed14ca53fcda3a4c50c3734c9f67fd27",
  "pins" : [
    {
      "identity" : "alertkit",
      "kind" : "remoteSourceControl",
      "location" : "https://github.com/sparrowcode/AlertKit",
      "state" : {
        "revision" : "3b73be8db5a7e7efaf474c6ed919f5a437d843c9",
        "version" : "5.1.9"
      }
    },
    {
      "identity" : "debugswift",
      "kind" : "remoteSourceControl",
      "location" : "https://github.com/DebugSwift/DebugSwift",
      "state" : {
        "revision" : "41384567e224a8ecc7c5e8019922b86597c68ca7",
        "version" : "1.11.1"
      }
    }
  ],
  "version" : 3
}
